PODS:
  - IBMSwiftSDKCore (1.0.0)
  - IBMWatsonAssistantV2 (4.1.0):
    - IBMSwiftSDKCore (~> 1.0.0)

DEPENDENCIES:
  - IBMWatsonAssistantV2 (~> 4.1.0)

SPEC REPOS:
  trunk:
    - IBMSwiftSDKCore
    - IBMWatsonAssistantV2

SPEC CHECKSUMS:
  IBMSwiftSDKCore: 54ad77b03a4d27b218ba514580197db3b89a96ca
  IBMWatsonAssistantV2: af685999c510cfac9125027f548737b0455b779c

PODFILE CHECKSUM: 42883f28203c83faec4656676fd27f0412afca51

COCOAPODS: 1.10.0
